// !$*UTF8*$!
{
	archiveVersion = 1;
	classes = {
	};
	objectVersion = 46;
	objects = {

/* Begin PBXBuildFile section */
		DA981490194036B60083AB48 /* Foundation.framework in Frameworks */ = {isa = PBXBuildFile; fileRef = DA98148F194036B60083AB48 /* Foundation.framework */; };
		DA981492194036B60083AB48 /* CoreGraphics.framework in Frameworks */ = {isa = PBXBuildFile; fileRef = DA981491194036B60083AB48 /* CoreGraphics.framework */; };
		DA981494194036B60083AB48 /* UIKit.framework in Frameworks */ = {isa = PBXBuildFile; fileRef = DA981493194036B60083AB48 /* UIKit.framework */; };
		DA98149A194036B60083AB48 /* InfoPlist.strings in Resources */ = {isa = PBXBuildFile; fileRef = DA981498194036B60083AB48 /* InfoPlist.strings */; };
		DA98149C194036B60083AB48 /* main.m in Sources */ = {isa = PBXBuildFile; fileRef = DA98149B194036B60083AB48 /* main.m */; };
		DA9814A0194036B60083AB48 /* AppDelegate.m in Sources */ = {isa = PBXBuildFile; fileRef = DA98149F194036B60083AB48 /* AppDelegate.m */; };
		DA9814A3194036B60083AB48 /* Main.storyboard in Resources */ = {isa = PBXBuildFile; fileRef = DA9814A1194036B60083AB48 /* Main.storyboard */; };
		DA9814A6194036B60083AB48 /* ResultViewController.m in Sources */ = {isa = PBXBuildFile; fileRef = DA9814A5194036B60083AB48 /* ResultViewController.m */; };
		DA9814AB194036B60083AB48 /* Images.xcassets in Resources */ = {isa = PBXBuildFile; fileRef = DA9814AA194036B60083AB48 /* Images.xcassets */; };
		DA9814B2194036B60083AB48 /* XCTest.framework in Frameworks */ = {isa = PBXBuildFile; fileRef = DA9814B1194036B60083AB48 /* XCTest.framework */; };
		DA9814B3194036B60083AB48 /* Foundation.framework in Frameworks */ = {isa = PBXBuildFile; fileRef = DA98148F194036B60083AB48 /* Foundation.framework */; };
		DA9814B4194036B60083AB48 /* UIKit.framework in Frameworks */ = {isa = PBXBuildFile; fileRef = DA981493194036B60083AB48 /* UIKit.framework */; };
		DA9814BC194036B60083AB48 /* InfoPlist.strings in Resources */ = {isa = PBXBuildFile; fileRef = DA9814BA194036B60083AB48 /* InfoPlist.strings */; };
		DA9814BE194036B60083AB48 /* whitespaceTests.m in Sources */ = {isa = PBXBuildFile; fileRef = DA9814BD194036B60083AB48 /* whitespaceTests.m */; };
		DAAB88C119410985008A16CE /* EditViewController.m in Sources */ = {isa = PBXBuildFile; fileRef = DAAB88BF19410985008A16CE /* EditViewController.m */; };
		DAAB890919512353008A16CE /* whitespace.xcdatamodeld in Sources */ = {isa = PBXBuildFile; fileRef = DAAB890719512353008A16CE /* whitespace.xcdatamodeld */; };
		DAAB890C19512575008A16CE /* Errand.m in Sources */ = {isa = PBXBuildFile; fileRef = DAAB890B19512575008A16CE /* Errand.m */; };
		DAAB890F19512B8E008A16CE /* ListViewController.m in Sources */ = {isa = PBXBuildFile; fileRef = DAAB890E19512B8E008A16CE /* ListViewController.m */; };
		DAAB8912195132F4008A16CE /* DataManager.m in Sources */ = {isa = PBXBuildFile; fileRef = DAAB8911195132F4008A16CE /* DataManager.m */; };
		DAAB891519514CC0008A16CE /* ErrandCell.m in Sources */ = {isa = PBXBuildFile; fileRef = DAAB891419514CC0008A16CE /* ErrandCell.m */; };
		DAAB896119517007008A16CE /* CoreData.framework in Frameworks */ = {isa = PBXBuildFile; fileRef = DAAB896019517007008A16CE /* CoreData.framework */; };
/* End PBXBuildFile section */

/* Begin PBXContainerItemProxy section */
		DA9814B5194036B60083AB48 /* PBXContainerItemProxy */ = {
			isa = PBXContainerItemProxy;
			containerPortal = DA981484194036B60083AB48 /* Project object */;
			proxyType = 1;
			remoteGlobalIDString = DA98148B194036B60083AB48;
			remoteInfo = whitespace;
		};
/* End PBXContainerItemProxy section */

/* Begin PBXFileReference section */
		DA98148C194036B60083AB48 /* whitespace.app */ = {isa = PBXFileReference; explicitFileType = wrapper.application; includeInIndex = 0; path = whitespace.app; sourceTree = BUILT_PRODUCTS_DIR; };
		DA98148F194036B60083AB48 /* Foundation.framework */ = {isa = PBXFileReference; lastKnownFileType = wrapper.framework; name = Foundation.framework; path = System/Library/Frameworks/Foundation.framework; sourceTree = SDKROOT; };
		DA981491194036B60083AB48 /* CoreGraphics.framework */ = {isa = PBXFileReference; lastKnownFileType = wrapper.framework; name = CoreGraphics.framework; path = System/Library/Frameworks/CoreGraphics.framework; sourceTree = SDKROOT; };
		DA981493194036B60083AB48 /* UIKit.framework */ = {isa = PBXFileReference; lastKnownFileType = wrapper.framework; name = UIKit.framework; path = System/Library/Frameworks/UIKit.framework; sourceTree = SDKROOT; };
		DA981497194036B60083AB48 /* whitespace-Info.plist */ = {isa = PBXFileReference; lastKnownFileType = text.plist.xml; path = "whitespace-Info.plist"; sourceTree = "<group>"; };
		DA981499194036B60083AB48 /* en */ = {isa = PBXFileReference; lastKnownFileType = text.plist.strings; name = en; path = en.lproj/InfoPlist.strings; sourceTree = "<group>"; };
		DA98149B194036B60083AB48 /* main.m */ = {isa = PBXFileReference; lastKnownFileType = sourcecode.c.objc; path = main.m; sourceTree = "<group>"; };
		DA98149D194036B60083AB48 /* whitespace-Prefix.pch */ = {isa = PBXFileReference; lastKnownFileType = sourcecode.c.h; path = "whitespace-Prefix.pch"; sourceTree = "<group>"; };
		DA98149E194036B60083AB48 /* AppDelegate.h */ = {isa = PBXFileReference; lastKnownFileType = sourcecode.c.h; path = AppDelegate.h; sourceTree = "<group>"; };
		DA98149F194036B60083AB48 /* AppDelegate.m */ = {isa = PBXFileReference; lastKnownFileType = sourcecode.c.objc; path = AppDelegate.m; sourceTree = "<group>"; };
		DA9814A2194036B60083AB48 /* Base */ = {isa = PBXFileReference; lastKnownFileType = file.storyboard; name = Base; path = Base.lproj/Main.storyboard; sourceTree = "<group>"; };
		DA9814A4194036B60083AB48 /* ResultViewController.h */ = {isa = PBXFileReference; lastKnownFileType = sourcecode.c.h; path = ResultViewController.h; sourceTree = "<group>"; };
		DA9814A5194036B60083AB48 /* ResultViewController.m */ = {isa = PBXFileReference; lastKnownFileType = sourcecode.c.objc; path = ResultViewController.m; sourceTree = "<group>"; };
		DA9814AA194036B60083AB48 /* Images.xcassets */ = {isa = PBXFileReference; lastKnownFileType = folder.assetcatalog; path = Images.xcassets; sourceTree = "<group>"; };
		DA9814B0194036B60083AB48 /* whitespaceTests.xctest */ = {isa = PBXFileReference; explicitFileType = wrapper.cfbundle; includeInIndex = 0; path = whitespaceTests.xctest; sourceTree = BUILT_PRODUCTS_DIR; };
		DA9814B1194036B60083AB48 /* XCTest.framework */ = {isa = PBXFileReference; lastKnownFileType = wrapper.framework; name = XCTest.framework; path = Library/Frameworks/XCTest.framework; sourceTree = DEVELOPER_DIR; };
		DA9814B9194036B60083AB48 /* whitespaceTests-Info.plist */ = {isa = PBXFileReference; lastKnownFileType = text.plist.xml; path = "whitespaceTests-Info.plist"; sourceTree = "<group>"; };
		DA9814BB194036B60083AB48 /* en */ = {isa = PBXFileReference; lastKnownFileType = text.plist.strings; name = en; path = en.lproj/InfoPlist.strings; sourceTree = "<group>"; };
		DA9814BD194036B60083AB48 /* whitespaceTests.m */ = {isa = PBXFileReference; lastKnownFileType = sourcecode.c.objc; path = whitespaceTests.m; sourceTree = "<group>"; };
		DA9814CA1940F30D0083AB48 /* whitespace.entitlements */ = {isa = PBXFileReference; lastKnownFileType = text.xml; path = whitespace.entitlements; sourceTree = "<group>"; };
		DAAB88BE19410985008A16CE /* EditViewController.h */ = {isa = PBXFileReference; fileEncoding = 4; lastKnownFileType = sourcecode.c.h; name = EditViewController.h; path = ../EditViewController.h; sourceTree = "<group>"; };
		DAAB88BF19410985008A16CE /* EditViewController.m */ = {isa = PBXFileReference; fileEncoding = 4; lastKnownFileType = sourcecode.c.objc; name = EditViewController.m; path = ../EditViewController.m; sourceTree = "<group>"; };
		DAAB890819512353008A16CE /* whitespace.xcdatamodel */ = {isa = PBXFileReference; lastKnownFileType = wrapper.xcdatamodel; path = whitespace.xcdatamodel; sourceTree = "<group>"; };
		DAAB890A19512575008A16CE /* Errand.h */ = {isa = PBXFileReference; fileEncoding = 4; lastKnownFileType = sourcecode.c.h; path = Errand.h; sourceTree = "<group>"; };
		DAAB890B19512575008A16CE /* Errand.m */ = {isa = PBXFileReference; fileEncoding = 4; lastKnownFileType = sourcecode.c.objc; path = Errand.m; sourceTree = "<group>"; };
		DAAB890D19512B8E008A16CE /* ListViewController.h */ = {isa = PBXFileReference; fileEncoding = 4; lastKnownFileType = sourcecode.c.h; path = ListViewController.h; sourceTree = "<group>"; };
		DAAB890E19512B8E008A16CE /* ListViewController.m */ = {isa = PBXFileReference; fileEncoding = 4; lastKnownFileType = sourcecode.c.objc; path = ListViewController.m; sourceTree = "<group>"; };
		DAAB8910195132F4008A16CE /* DataManager.h */ = {isa = PBXFileReference; fileEncoding = 4; lastKnownFileType = sourcecode.c.h; path = DataManager.h; sourceTree = "<group>"; };
		DAAB8911195132F4008A16CE /* DataManager.m */ = {isa = PBXFileReference; fileEncoding = 4; lastKnownFileType = sourcecode.c.objc; path = DataManager.m; sourceTree = "<group>"; };
		DAAB891319514CC0008A16CE /* ErrandCell.h */ = {isa = PBXFileReference; fileEncoding = 4; lastKnownFileType = sourcecode.c.h; path = ErrandCell.h; sourceTree = "<group>"; };
		DAAB891419514CC0008A16CE /* ErrandCell.m */ = {isa = PBXFileReference; fileEncoding = 4; lastKnownFileType = sourcecode.c.objc; path = ErrandCell.m; sourceTree = "<group>"; };
		DAAB896019517007008A16CE /* CoreData.framework */ = {isa = PBXFileReference; lastKnownFileType = wrapper.framework; name = CoreData.framework; path = System/Library/Frameworks/CoreData.framework; sourceTree = SDKROOT; };
/* End PBXFileReference section */

/* Begin PBXFrameworksBuildPhase section */
		DA981489194036B60083AB48 /* Frameworks */ = {
			isa = PBXFrameworksBuildPhase;
			buildActionMask = 2147483647;
			files = (
				DAAB896119517007008A16CE /* CoreData.framework in Frameworks */,
				DA981492194036B60083AB48 /* CoreGraphics.framework in Frameworks */,
				DA981494194036B60083AB48 /* UIKit.framework in Frameworks */,
				DA981490194036B60083AB48 /* Foundation.framework in Frameworks */,
			);
			runOnlyForDeploymentPostprocessing = 0;
		};
		DA9814AD194036B60083AB48 /* Frameworks */ = {
			isa = PBXFrameworksBuildPhase;
			buildActionMask = 2147483647;
			files = (
				DA9814B2194036B60083AB48 /* XCTest.framework in Frameworks */,
				DA9814B4194036B60083AB48 /* UIKit.framework in Frameworks */,
				DA9814B3194036B60083AB48 /* Foundation.framework in Frameworks */,
			);
			runOnlyForDeploymentPostprocessing = 0;
		};
/* End PBXFrameworksBuildPhase section */

/* Begin PBXGroup section */
		DA981483194036B60083AB48 = {
			isa = PBXGroup;
			children = (
				DA981495194036B60083AB48 /* whitespace */,
				DA9814B7194036B60083AB48 /* whitespaceTests */,
				DA98148E194036B60083AB48 /* Frameworks */,
				DA98148D194036B60083AB48 /* Products */,
			);
			sourceTree = "<group>";
		};
		DA98148D194036B60083AB48 /* Products */ = {
			isa = PBXGroup;
			children = (
				DA98148C194036B60083AB48 /* whitespace.app */,
				DA9814B0194036B60083AB48 /* whitespaceTests.xctest */,
			);
			name = Products;
			sourceTree = "<group>";
		};
		DA98148E194036B60083AB48 /* Frameworks */ = {
			isa = PBXGroup;
			children = (
				DAAB896019517007008A16CE /* CoreData.framework */,
				DA98148F194036B60083AB48 /* Foundation.framework */,
				DA981491194036B60083AB48 /* CoreGraphics.framework */,
				DA981493194036B60083AB48 /* UIKit.framework */,
				DA9814B1194036B60083AB48 /* XCTest.framework */,
			);
			name = Frameworks;
			sourceTree = "<group>";
		};
		DA981495194036B60083AB48 /* whitespace */ = {
			isa = PBXGroup;
			children = (
				DA9814CA1940F30D0083AB48 /* whitespace.entitlements */,
				DA98149E194036B60083AB48 /* AppDelegate.h */,
				DA98149F194036B60083AB48 /* AppDelegate.m */,
				DAAB8910195132F4008A16CE /* DataManager.h */,
				DAAB8911195132F4008A16CE /* DataManager.m */,
				DA9814A1194036B60083AB48 /* Main.storyboard */,
				DAAB88BE19410985008A16CE /* EditViewController.h */,
				DAAB88BF19410985008A16CE /* EditViewController.m */,
				DAAB891319514CC0008A16CE /* ErrandCell.h */,
				DAAB891419514CC0008A16CE /* ErrandCell.m */,
				DA9814A4194036B60083AB48 /* ResultViewController.h */,
				DA9814A5194036B60083AB48 /* ResultViewController.m */,
				DAAB890D19512B8E008A16CE /* ListViewController.h */,
				DAAB890E19512B8E008A16CE /* ListViewController.m */,
				DA9814AA194036B60083AB48 /* Images.xcassets */,
				DA981496194036B60083AB48 /* Supporting Files */,
				DAAB890719512353008A16CE /* whitespace.xcdatamodeld */,
				DAAB890A19512575008A16CE /* Errand.h */,
				DAAB890B19512575008A16CE /* Errand.m */,
			);
			path = whitespace;
			sourceTree = "<group>";
		};
		DA981496194036B60083AB48 /* Supporting Files */ = {
			isa = PBXGroup;
			children = (
				DA981497194036B60083AB48 /* whitespace-Info.plist */,
				DA981498194036B60083AB48 /* InfoPlist.strings */,
				DA98149B194036B60083AB48 /* main.m */,
				DA98149D194036B60083AB48 /* whitespace-Prefix.pch */,
			);
			name = "Supporting Files";
			sourceTree = "<group>";
		};
		DA9814B7194036B60083AB48 /* whitespaceTests */ = {
			isa = PBXGroup;
			children = (
				DA9814BD194036B60083AB48 /* whitespaceTests.m */,
				DA9814B8194036B60083AB48 /* Supporting Files */,
			);
			path = whitespaceTests;
			sourceTree = "<group>";
		};
		DA9814B8194036B60083AB48 /* Supporting Files */ = {
			isa = PBXGroup;
			children = (
				DA9814B9194036B60083AB48 /* whitespaceTests-Info.plist */,
				DA9814BA194036B60083AB48 /* InfoPlist.strings */,
			);
			name = "Supporting Files";
			sourceTree = "<group>";
		};
/* End PBXGroup section */

/* Begin PBXNativeTarget section */
		DA98148B194036B60083AB48 /* whitespace */ = {
			isa = PBXNativeTarget;
			buildConfigurationList = DA9814C1194036B60083AB48 /* Build configuration list for PBXNativeTarget "whitespace" */;
			buildPhases = (
				DA981488194036B60083AB48 /* Sources */,
				DA981489194036B60083AB48 /* Frameworks */,
				DA98148A194036B60083AB48 /* Resources */,
			);
			buildRules = (
			);
			dependencies = (
			);
			name = whitespace;
			productName = whitespace;
			productReference = DA98148C194036B60083AB48 /* whitespace.app */;
			productType = "com.apple.product-type.application";
		};
		DA9814AF194036B60083AB48 /* whitespaceTests */ = {
			isa = PBXNativeTarget;
			buildConfigurationList = DA9814C4194036B60083AB48 /* Build configuration list for PBXNativeTarget "whitespaceTests" */;
			buildPhases = (
				DA9814AC194036B60083AB48 /* Sources */,
				DA9814AD194036B60083AB48 /* Frameworks */,
				DA9814AE194036B60083AB48 /* Resources */,
			);
			buildRules = (
			);
			dependencies = (
				DA9814B6194036B60083AB48 /* PBXTargetDependency */,
			);
			name = whitespaceTests;
			productName = whitespaceTests;
			productReference = DA9814B0194036B60083AB48 /* whitespaceTests.xctest */;
			productType = "com.apple.product-type.bundle.unit-test";
		};
/* End PBXNativeTarget section */

/* Begin PBXProject section */
		DA981484194036B60083AB48 /* Project object */ = {
			isa = PBXProject;
			attributes = {
				LastUpgradeCheck = 0510;
				ORGANIZATIONNAME = "竹嶋健人";
				TargetAttributes = {
					DA98148B194036B60083AB48 = {
						DevelopmentTeam = F924L6S3XL;
						SystemCapabilities = {
							com.apple.Keychain = {
								enabled = 0;
							};
						};
					};
					DA9814AF194036B60083AB48 = {
						TestTargetID = DA98148B194036B60083AB48;
					};
				};
			};
			buildConfigurationList = DA981487194036B60083AB48 /* Build configuration list for PBXProject "whitespace" */;
			compatibilityVersion = "Xcode 3.2";
			developmentRegion = English;
			hasScannedForEncodings = 0;
			knownRegions = (
				en,
				Base,
			);
			mainGroup = DA981483194036B60083AB48;
			productRefGroup = DA98148D194036B60083AB48 /* Products */;
			projectDirPath = "";
			projectRoot = "";
			targets = (
				DA98148B194036B60083AB48 /* whitespace */,
				DA9814AF194036B60083AB48 /* whitespaceTests */,
			);
		};
/* End PBXProject section */

/* Begin PBXResourcesBuildPhase section */
		DA98148A194036B60083AB48 /* Resources */ = {
			isa = PBXResourcesBuildPhase;
			buildActionMask = 2147483647;
			files = (
				DA9814AB194036B60083AB48 /* Images.xcassets in Resources */,
				DA98149A194036B60083AB48 /* InfoPlist.strings in Resources */,
				DA9814A3194036B60083AB48 /* Main.storyboard in Resources */,
			);
			runOnlyForDeploymentPostprocessing = 0;
		};
		DA9814AE194036B60083AB48 /* Resources */ = {
			isa = PBXResourcesBuildPhase;
			buildActionMask = 2147483647;
			files = (
				DA9814BC194036B60083AB48 /* InfoPlist.strings in Resources */,
			);
			runOnlyForDeploymentPostprocessing = 0;
		};
/* End PBXResourcesBuildPhase section */

/* Begin PBXSourcesBuildPhase section */
		DA981488194036B60083AB48 /* Sources */ = {
			isa = PBXSourcesBuildPhase;
			buildActionMask = 2147483647;
			files = (
				DAAB88C119410985008A16CE /* EditViewController.m in Sources */,
				DAAB890F19512B8E008A16CE /* ListViewController.m in Sources */,
				DAAB890919512353008A16CE /* whitespace.xcdatamodeld in Sources */,
				DA9814A0194036B60083AB48 /* AppDelegate.m in Sources */,
				DAAB890C19512575008A16CE /* Errand.m in Sources */,
				DAAB891519514CC0008A16CE /* ErrandCell.m in Sources */,
				DAAB8912195132F4008A16CE /* DataManager.m in Sources */,
				DA9814A6194036B60083AB48 /* ResultViewController.m in Sources */,
				DA98149C194036B60083AB48 /* main.m in Sources */,
			);
			runOnlyForDeploymentPostprocessing = 0;
		};
		DA9814AC194036B60083AB48 /* Sources */ = {
			isa = PBXSourcesBuildPhase;
			buildActionMask = 2147483647;
			files = (
				DA9814BE194036B60083AB48 /* whitespaceTests.m in Sources */,
			);
			runOnlyForDeploymentPostprocessing = 0;
		};
/* End PBXSourcesBuildPhase section */

/* Begin PBXTargetDependency section */
		DA9814B6194036B60083AB48 /* PBXTargetDependency */ = {
			isa = PBXTargetDependency;
			target = DA98148B194036B60083AB48 /* whitespace */;
			targetProxy = DA9814B5194036B60083AB48 /* PBXContainerItemProxy */;
		};
/* End PBXTargetDependency section */

/* Begin PBXVariantGroup section */
		DA981498194036B60083AB48 /* InfoPlist.strings */ = {
			isa = PBXVariantGroup;
			children = (
				DA981499194036B60083AB48 /* en */,
			);
			name = InfoPlist.strings;
			sourceTree = "<group>";
		};
		DA9814A1194036B60083AB48 /* Main.storyboard */ = {
			isa = PBXVariantGroup;
			children = (
				DA9814A2194036B60083AB48 /* Base */,
			);
			name = Main.storyboard;
			sourceTree = "<group>";
		};
		DA9814BA194036B60083AB48 /* InfoPlist.strings */ = {
			isa = PBXVariantGroup;
			children = (
				DA9814BB194036B60083AB48 /* en */,
			);
			name = InfoPlist.strings;
			sourceTree = "<group>";
		};
/* End PBXVariantGroup section */

/* Begin XCBuildConfiguration section */
		DA9814BF194036B60083AB48 /* Debug */ = {
			isa = XCBuildConfiguration;
			buildSettings = {
				ALWAYS_SEARCH_USER_PATHS = NO;
				CLANG_CXX_LANGUAGE_STANDARD = "gnu++0x";
				CLANG_CXX_LIBRARY = "libc++";
				CLANG_ENABLE_MODULES = YES;
				CLANG_ENABLE_OBJC_ARC = YES;
				CLANG_WARN_BOOL_CONVERSION = YES;
				CLANG_WARN_CONSTANT_CONVERSION = YES;
				CLANG_WARN_DIRECT_OBJC_ISA_USAGE = YES_ERROR;
				CLANG_WARN_EMPTY_BODY = YES;
				CLANG_WARN_ENUM_CONVERSION = YES;
				CLANG_WARN_INT_CONVERSION = YES;
				CLANG_WARN_OBJC_ROOT_CLASS = YES_ERROR;
				CLANG_WARN__DUPLICATE_METHOD_MATCH = YES;
				"CODE_SIGN_IDENTITY[sdk=iphoneos*]" = "iPhone Developer";
				COPY_PHASE_STRIP = NO;
				GCC_C_LANGUAGE_STANDARD = gnu99;
				GCC_DYNAMIC_NO_PIC = NO;
				GCC_OPTIMIZATION_LEVEL = 0;
				GCC_PREPROCESSOR_DEFINITIONS = (
					"DEBUG=1",
					"$(inherited)",
				);
				GCC_SYMBOLS_PRIVATE_EXTERN = NO;
				GCC_WARN_64_TO_32_BIT_CONVERSION = YES;
				GCC_WARN_ABOUT_RETURN_TYPE = YES_ERROR;
				GCC_WARN_UNDECLARED_SELECTOR = YES;
				GCC_WARN_UNINITIALIZED_AUTOS = YES;
				GCC_WARN_UNUSED_FUNCTION = YES;
				GCC_WARN_UNUSED_VARIABLE = YES;
				IPHONEOS_DEPLOYMENT_TARGET = 7.1;
				ONLY_ACTIVE_ARCH = YES;
				SDKROOT = iphoneos;
			};
			name = Debug;
		};
		DA9814C0194036B60083AB48 /* Release */ = {
			isa = XCBuildConfiguration;
			buildSettings = {
				ALWAYS_SEARCH_USER_PATHS = NO;
				CLANG_CXX_LANGUAGE_STANDARD = "gnu++0x";
				CLANG_CXX_LIBRARY = "libc++";
				CLANG_ENABLE_MODULES = YES;
				CLANG_ENABLE_OBJC_ARC = YES;
				CLANG_WARN_BOOL_CONVERSION = YES;
				CLANG_WARN_CONSTANT_CONVERSION = YES;
				CLANG_WARN_DIRECT_OBJC_ISA_USAGE = YES_ERROR;
				CLANG_WARN_EMPTY_BODY = YES;
				CLANG_WARN_ENUM_CONVERSION = YES;
				CLANG_WARN_INT_CONVERSION = YES;
				CLANG_WARN_OBJC_ROOT_CLASS = YES_ERROR;
				CLANG_WARN__DUPLICATE_METHOD_MATCH = YES;
				"CODE_SIGN_IDENTITY[sdk=iphoneos*]" = "iPhone Developer";
				COPY_PHASE_STRIP = YES;
				ENABLE_NS_ASSERTIONS = NO;
				GCC_C_LANGUAGE_STANDARD = gnu99;
				GCC_WARN_64_TO_32_BIT_CONVERSION = YES;
				GCC_WARN_ABOUT_RETURN_TYPE = YES_ERROR;
				GCC_WARN_UNDECLARED_SELECTOR = YES;
				GCC_WARN_UNINITIALIZED_AUTOS = YES;
				GCC_WARN_UNUSED_FUNCTION = YES;
				GCC_WARN_UNUSED_VARIABLE = YES;
				IPHONEOS_DEPLOYMENT_TARGET = 7.1;
				SDKROOT = iphoneos;
				VALIDATE_PRODUCT = YES;
			};
			name = Release;
		};
		DA9814C2194036B60083AB48 /* Debug */ = {
			isa = XCBuildConfiguration;
			buildSettings = {
				ASSETCATALOG_COMPILER_APPICON_NAME = AppIcon;
				ASSETCATALOG_COMPILER_LAUNCHIMAGE_NAME = LaunchImage;
				CODE_SIGN_IDENTITY = "iPhone Developer";
				GCC_PRECOMPILE_PREFIX_HEADER = YES;
				GCC_PREFIX_HEADER = "whitespace/whitespace-Prefix.pch";
				INFOPLIST_FILE = "whitespace/whitespace-Info.plist";
				PRODUCT_NAME = "$(TARGET_NAME)";
				TARGETED_DEVICE_FAMILY = 1;
				WRAPPER_EXTENSION = app;
			};
			name = Debug;
		};
		DA9814C3194036B60083AB48 /* Release */ = {
			isa = XCBuildConfiguration;
			buildSettings = {
				ASSETCATALOG_COMPILER_APPICON_NAME = AppIcon;
				ASSETCATALOG_COMPILER_LAUNCHIMAGE_NAME = LaunchImage;
				CODE_SIGN_IDENTITY = "iPhone Developer";
				GCC_PRECOMPILE_PREFIX_HEADER = YES;
				GCC_PREFIX_HEADER = "whitespace/whitespace-Prefix.pch";
				INFOPLIST_FILE = "whitespace/whitespace-Info.plist";
				PRODUCT_NAME = "$(TARGET_NAME)";
				TARGETED_DEVICE_FAMILY = 1;
				WRAPPER_EXTENSION = app;
			};
			name = Release;
		};
		DA9814C5194036B60083AB48 /* Debug */ = {
			isa = XCBuildConfiguration;
			buildSettings = {
				BUNDLE_LOADER = "$(BUILT_PRODUCTS_DIR)/whitespace.app/whitespace";
				FRAMEWORK_SEARCH_PATHS = (
					"$(SDKROOT)/Developer/Library/Frameworks",
					"$(inherited)",
					"$(DEVELOPER_FRAMEWORKS_DIR)",
				);
				GCC_PRECOMPILE_PREFIX_HEADER = YES;
				GCC_PREFIX_HEADER = "whitespace/whitespace-Prefix.pch";
				GCC_PREPROCESSOR_DEFINITIONS = (
					"DEBUG=1",
					"$(inherited)",
				);
				INFOPLIST_FILE = "whitespaceTests/whitespaceTests-Info.plist";
				PRODUCT_NAME = "$(TARGET_NAME)";
				TEST_HOST = "$(BUNDLE_LOADER)";
				WRAPPER_EXTENSION = xctest;
			};
			name = Debug;
		};
		DA9814C6194036B60083AB48 /* Release */ = {
			isa = XCBuildConfiguration;
			buildSettings = {
				BUNDLE_LOADER = "$(BUILT_PRODUCTS_DIR)/whitespace.app/whitespace";
				FRAMEWORK_SEARCH_PATHS = (
					"$(SDKROOT)/Developer/Library/Frameworks",
					"$(inherited)",
					"$(DEVELOPER_FRAMEWORKS_DIR)",
				);
				GCC_PRECOMPILE_PREFIX_HEADER = YES;
				GCC_PREFIX_HEADER = "whitespace/whitespace-Prefix.pch";
				INFOPLIST_FILE = "whitespaceTests/whitespaceTests-Info.plist";
				PRODUCT_NAME = "$(TARGET_NAME)";
				TEST_HOST = "$(BUNDLE_LOADER)";
				WRAPPER_EXTENSION = xctest;
			};
			name = Release;
		};
/* End XCBuildConfiguration section */

/* Begin XCConfigurationList section */
		DA981487194036B60083AB48 /* Build configuration list for PBXProject "whitespace" */ = {
			isa = XCConfigurationList;
			buildConfigurations = (
				DA9814BF194036B60083AB48 /* Debug */,
				DA9814C0194036B60083AB48 /* Release */,
			);
			defaultConfigurationIsVisible = 0;
			defaultConfigurationName = Release;
		};
		DA9814C1194036B60083AB48 /* Build configuration list for PBXNativeTarget "whitespace" */ = {
			isa = XCConfigurationList;
			buildConfigurations = (
				DA9814C2194036B60083AB48 /* Debug */,
				DA9814C3194036B60083AB48 /* Release */,
			);
			defaultConfigurationIsVisible = 0;
			defaultConfigurationName = Release;
		};
		DA9814C4194036B60083AB48 /* Build configuration list for PBXNativeTarget "whitespaceTests" */ = {
			isa = XCConfigurationList;
			buildConfigurations = (
				DA9814C5194036B60083AB48 /* Debug */,
				DA9814C6194036B60083AB48 /* Release */,
			);
			defaultConfigurationIsVisible = 0;
			defaultConfigurationName = Release;
		};
/* End XCConfigurationList section */

/* Begin XCVersionGroup section */
		DAAB890719512353008A16CE /* whitespace.xcdatamodeld */ = {
			isa = XCVersionGroup;
			children = (
				DAAB890819512353008A16CE /* whitespace.xcdatamodel */,
			);
			currentVersion = DAAB890819512353008A16CE /* whitespace.xcdatamodel */;
			path = whitespace.xcdatamodeld;
			sourceTree = "<group>";
			versionGroupType = wrapper.xcdatamodel;
		};
/* End XCVersionGroup section */
	};
	rootObject = DA981484194036B60083AB48 /* Project object */;
}
